
Microsoft Visual Studio Solution File, Format Version 12.00
# Visual Studio Version 17
VisualStudioVersion = 17.13.35828.75 d17.13
MinimumVisualStudioVersion = 10.0.40219.1
Project("{8BC9CEB8-8B4A-11D0-8D11-00A0C91BC942}") = "wifiExtract", "wifiExtract\wifiExtract.vcxproj", "{EEE922F2-454C-42E4-8A40-8405E8FEB4BB}"
EndProject
Global
	GlobalSection(SolutionConfigurationPlatforms) = preSolution
		Debug|x64 = Debug|x64
		Debug|x86 = Debug|x86
		Release|x64 = Release|x64
		Release|x86 = Release|x86
	EndGlobalSection
	GlobalSection(ProjectConfigurationPlatforms) = postSolution
		{EEE922F2-454C-42E4-8A40-8405E8FEB4BB}.Debug|x64.ActiveCfg = Debug|x64
		{EEE922F2-454C-42E4-8A40-8405E8FEB4BB}.Debug|x64.Build.0 = Debug|x64
		{EEE922F2-454C-42E4-8A40-8405E8FEB4BB}.Debug|x86.ActiveCfg = Debug|Win32
		{EEE922F2-454C-42E4-8A40-8405E8FEB4BB}.Debug|x86.Build.0 = Debug|Win32
		{EEE922F2-454C-42E4-8A40-8405E8FEB4BB}.Release|x64.ActiveCfg = Release|x64
		{EEE922F2-454C-42E4-8A40-8405E8FEB4BB}.Release|x64.Build.0 = Release|x64
		{EEE922F2-454C-42E4-8A40-8405E8FEB4BB}.Release|x86.ActiveCfg = Release|Win32
		{EEE922F2-454C-42E4-8A40-8405E8FEB4BB}.Release|x86.Build.0 = Release|Win32
	EndGlobalSection
	GlobalSection(SolutionProperties) = preSolution
		HideSolutionNode = FALSE
	EndGlobalSection
	GlobalSection(ExtensibilityGlobals) = postSolution
		SolutionGuid = {CE62C1BE-7B00-42F5-A27F-836EFA031A5D}
	EndGlobalSection
EndGlobal
